
Microsoft Visual Studio Solution File, Format Version 12.00
# Visual Studio Version 17
VisualStudioVersion = 17.11.35327.3
MinimumVisualStudioVersion = 10.0.40219.1
Project("{FAE04EC0-301F-11D3-BF4B-00C04F79EFBC}") = "WhoWantsToBeMillionare.ConsoleApp", "WhoWantsToBeMillionare\WhoWantsToBeMillionare.ConsoleApp.csproj", "{BE59D27D-2BFD-499B-915F-23F06EEEF6BE}"
EndProject
Project("{FAE04EC0-301F-11D3-BF4B-00C04F79EFBC}") = "MoneyQuiz.Data", "MoneyQuiz.Data\MoneyQuiz.Data.csproj", "{24C9ABA0-8F0E-44D3-A99B-7FB77BFDFA88}"
EndProject
Project("{FAE04EC0-301F-11D3-BF4B-00C04F79EFBC}") = "MoneyQuiz.Core", "MoneyQuiz.Core\MoneyQuiz.Core.csproj", "{9F344B45-2DC9-409E-9FB3-1908161DC97C}"
EndProject
Global
	GlobalSection(SolutionConfigurationPlatforms) = preSolution
		Debug|Any CPU = Debug|Any CPU
		Release|Any CPU = Release|Any CPU
	EndGlobalSection
	GlobalSection(ProjectConfigurationPlatforms) = postSolution
		{BE59D27D-2BFD-499B-915F-23F06EEEF6BE}.Debug|Any CPU.ActiveCfg = Debug|Any CPU
		{BE59D27D-2BFD-499B-915F-23F06EEEF6BE}.Debug|Any CPU.Build.0 = Debug|Any CPU
		{BE59D27D-2BFD-499B-915F-23F06EEEF6BE}.Release|Any CPU.ActiveCfg = Release|Any CPU
		{BE59D27D-2BFD-499B-915F-23F06EEEF6BE}.Release|Any CPU.Build.0 = Release|Any CPU
		{24C9ABA0-8F0E-44D3-A99B-7FB77BFDFA88}.Debug|Any CPU.ActiveCfg = Debug|Any CPU
		{24C9ABA0-8F0E-44D3-A99B-7FB77BFDFA88}.Debug|Any CPU.Build.0 = Debug|Any CPU
		{24C9ABA0-8F0E-44D3-A99B-7FB77BFDFA88}.Release|Any CPU.ActiveCfg = Release|Any CPU
		{24C9ABA0-8F0E-44D3-A99B-7FB77BFDFA88}.Release|Any CPU.Build.0 = Release|Any CPU
		{9F344B45-2DC9-409E-9FB3-1908161DC97C}.Debug|Any CPU.ActiveCfg = Debug|Any CPU
		{9F344B45-2DC9-409E-9FB3-1908161DC97C}.Debug|Any CPU.Build.0 = Debug|Any CPU
		{9F344B45-2DC9-409E-9FB3-1908161DC97C}.Release|Any CPU.ActiveCfg = Release|Any CPU
		{9F344B45-2DC9-409E-9FB3-1908161DC97C}.Release|Any CPU.Build.0 = Release|Any CPU
	EndGlobalSection
	GlobalSection(SolutionProperties) = preSolution
		HideSolutionNode = FALSE
	EndGlobalSection
	GlobalSection(ExtensibilityGlobals) = postSolution
		SolutionGuid = {E9BD19A9-FE3F-4653-A916-5EB5484FB110}
	EndGlobalSection
EndGlobal
