
Microsoft Visual Studio Solution File, Format Version 12.00
# Visual Studio Version 17
VisualStudioVersion = 17.11.35327.3
MinimumVisualStudioVersion = 10.0.40219.1
Project("{FAE04EC0-301F-11D3-BF4B-00C04F79EFBC}") = "Streams(FilosofovZadachi)", "Streams(FilosofovZadachi)\Streams(FilosofovZadachi).csproj", "{B091F60C-D370-4221-95DD-C7CA5C5E662E}"
EndProject
Project("{FAE04EC0-301F-11D3-BF4B-00C04F79EFBC}") = "RedPoRedLiniiNaPogram", "RedPoRedLiniiNaPogram\RedPoRedLiniiNaPogram.csproj", "{0A674B69-153F-4CFB-BBE3-C6EE471A51E3}"
EndProject
Project("{FAE04EC0-301F-11D3-BF4B-00C04F79EFBC}") = "ReverseProgram", "ReverseProgram\ReverseProgram.csproj", "{D9FB636F-DAA8-41FA-847C-4B210BBA95DB}"
EndProject
Project("{FAE04EC0-301F-11D3-BF4B-00C04F79EFBC}") = "Oddredove", "Oddredove\Oddredove.csproj", "{FE7E901C-AFDB-40EE-8983-2BBF4070055F}"
EndProject
Project("{FAE04EC0-301F-11D3-BF4B-00C04F79EFBC}") = "BrojSreshtaniq", "BrojSreshtaniq\BrojSreshtaniq.csproj", "{B7B7029F-D837-4D76-AF09-466D6EDCE8CA}"
EndProject
Project("{FAE04EC0-301F-11D3-BF4B-00C04F79EFBC}") = "FileStreamAndBytes", "FileStreamAndBytes\FileStreamAndBytes.csproj", "{C5006735-19C1-40F8-822C-579095487805}"
EndProject
Project("{FAE04EC0-301F-11D3-BF4B-00C04F79EFBC}") = "Gzipper", "Gzipper\Gzipper.csproj", "{E3866DB9-E6B6-4FED-ABA7-074A08C0378D}"
EndProject
Project("{FAE04EC0-301F-11D3-BF4B-00C04F79EFBC}") = "CryptoStreamer", "CryptoStreamer\CryptoStreamer.csproj", "{8B884E07-6631-41B5-88C4-24C50EC3A08A}"
EndProject
Global
	GlobalSection(SolutionConfigurationPlatforms) = preSolution
		Debug|Any CPU = Debug|Any CPU
		Release|Any CPU = Release|Any CPU
	EndGlobalSection
	GlobalSection(ProjectConfigurationPlatforms) = postSolution
		{B091F60C-D370-4221-95DD-C7CA5C5E662E}.Debug|Any CPU.ActiveCfg = Debug|Any CPU
		{B091F60C-D370-4221-95DD-C7CA5C5E662E}.Debug|Any CPU.Build.0 = Debug|Any CPU
		{B091F60C-D370-4221-95DD-C7CA5C5E662E}.Release|Any CPU.ActiveCfg = Release|Any CPU
		{B091F60C-D370-4221-95DD-C7CA5C5E662E}.Release|Any CPU.Build.0 = Release|Any CPU
		{0A674B69-153F-4CFB-BBE3-C6EE471A51E3}.Debug|Any CPU.ActiveCfg = Debug|Any CPU
		{0A674B69-153F-4CFB-BBE3-C6EE471A51E3}.Debug|Any CPU.Build.0 = Debug|Any CPU
		{0A674B69-153F-4CFB-BBE3-C6EE471A51E3}.Release|Any CPU.ActiveCfg = Release|Any CPU
		{0A674B69-153F-4CFB-BBE3-C6EE471A51E3}.Release|Any CPU.Build.0 = Release|Any CPU
		{D9FB636F-DAA8-41FA-847C-4B210BBA95DB}.Debug|Any CPU.ActiveCfg = Debug|Any CPU
		{D9FB636F-DAA8-41FA-847C-4B210BBA95DB}.Debug|Any CPU.Build.0 = Debug|Any CPU
		{D9FB636F-DAA8-41FA-847C-4B210BBA95DB}.Release|Any CPU.ActiveCfg = Release|Any CPU
		{D9FB636F-DAA8-41FA-847C-4B210BBA95DB}.Release|Any CPU.Build.0 = Release|Any CPU
		{FE7E901C-AFDB-40EE-8983-2BBF4070055F}.Debug|Any CPU.ActiveCfg = Debug|Any CPU
		{FE7E901C-AFDB-40EE-8983-2BBF4070055F}.Debug|Any CPU.Build.0 = Debug|Any CPU
		{FE7E901C-AFDB-40EE-8983-2BBF4070055F}.Release|Any CPU.ActiveCfg = Release|Any CPU
		{FE7E901C-AFDB-40EE-8983-2BBF4070055F}.Release|Any CPU.Build.0 = Release|Any CPU
		{B7B7029F-D837-4D76-AF09-466D6EDCE8CA}.Debug|Any CPU.ActiveCfg = Debug|Any CPU
		{B7B7029F-D837-4D76-AF09-466D6EDCE8CA}.Debug|Any CPU.Build.0 = Debug|Any CPU
		{B7B7029F-D837-4D76-AF09-466D6EDCE8CA}.Release|Any CPU.ActiveCfg = Release|Any CPU
		{B7B7029F-D837-4D76-AF09-466D6EDCE8CA}.Release|Any CPU.Build.0 = Release|Any CPU
		{C5006735-19C1-40F8-822C-579095487805}.Debug|Any CPU.ActiveCfg = Debug|Any CPU
		{C5006735-19C1-40F8-822C-579095487805}.Debug|Any CPU.Build.0 = Debug|Any CPU
		{C5006735-19C1-40F8-822C-579095487805}.Release|Any CPU.ActiveCfg = Release|Any CPU
		{C5006735-19C1-40F8-822C-579095487805}.Release|Any CPU.Build.0 = Release|Any CPU
		{E3866DB9-E6B6-4FED-ABA7-074A08C0378D}.Debug|Any CPU.ActiveCfg = Debug|Any CPU
		{E3866DB9-E6B6-4FED-ABA7-074A08C0378D}.Debug|Any CPU.Build.0 = Debug|Any CPU
		{E3866DB9-E6B6-4FED-ABA7-074A08C0378D}.Release|Any CPU.ActiveCfg = Release|Any CPU
		{E3866DB9-E6B6-4FED-ABA7-074A08C0378D}.Release|Any CPU.Build.0 = Release|Any CPU
		{8B884E07-6631-41B5-88C4-24C50EC3A08A}.Debug|Any CPU.ActiveCfg = Debug|Any CPU
		{8B884E07-6631-41B5-88C4-24C50EC3A08A}.Debug|Any CPU.Build.0 = Debug|Any CPU
		{8B884E07-6631-41B5-88C4-24C50EC3A08A}.Release|Any CPU.ActiveCfg = Release|Any CPU
		{8B884E07-6631-41B5-88C4-24C50EC3A08A}.Release|Any CPU.Build.0 = Release|Any CPU
	EndGlobalSection
	GlobalSection(SolutionProperties) = preSolution
		HideSolutionNode = FALSE
	EndGlobalSection
	GlobalSection(ExtensibilityGlobals) = postSolution
		SolutionGuid = {53187B47-9CFF-409E-A9CE-3B2C29BF5286}
	EndGlobalSection
EndGlobal
